// !$*UTF8*$!
{
	archiveVersion = 1;
	classes = {
	};
	objectVersion = 46;
	objects = {

/* Begin PBXBuildFile section */
		C2D1E01D1D75814F0019F736 /* main.m in Sources */ = {isa = PBXBuildFile; fileRef = C2D1E01C1D75814F0019F736 /* main.m */; };
		C2D1E0201D75814F0019F736 /* AppDelegate.m in Sources */ = {isa = PBXBuildFile; fileRef = C2D1E01F1D75814F0019F736 /* AppDelegate.m */; };
		C2D1E0281D75814F0019F736 /* Assets.xcassets in Resources */ = {isa = PBXBuildFile; fileRef = C2D1E0271D75814F0019F736 /* Assets.xcassets */; };
		C2D1E0361D7581500019F736 /* __TestTests.m in Sources */ = {isa = PBXBuildFile; fileRef = C2D1E0351D7581500019F736 /* __TestTests.m */; };
		C2D1E05D1D758E190019F736 /* ZWTabBarController.m in Sources */ = {isa = PBXBuildFile; fileRef = C2D1E0501D758E190019F736 /* ZWTabBarController.m */; };
		C2D1E0601D759F570019F736 /* ZWDiscoverController.m in Sources */ = {isa = PBXBuildFile; fileRef = C2D1E05F1D759F570019F736 /* ZWDiscoverController.m */; };
		C2D1E0631D759F8C0019F736 /* ZWHomeController.m in Sources */ = {isa = PBXBuildFile; fileRef = C2D1E0621D759F8C0019F736 /* ZWHomeController.m */; };
		C2D1E0661D759FC60019F736 /* ZWMessageController.m in Sources */ = {isa = PBXBuildFile; fileRef = C2D1E0651D759FC60019F736 /* ZWMessageController.m */; };
		C2D1E0691D759FE10019F736 /* ZWProfileController.m in Sources */ = {isa = PBXBuildFile; fileRef = C2D1E0681D759FE10019F736 /* ZWProfileController.m */; };
		C2D1E06C1D75A72A0019F736 /* ZWNavigationController.m in Sources */ = {isa = PBXBuildFile; fileRef = C2D1E06B1D75A72A0019F736 /* ZWNavigationController.m */; };
		C2D1E0701D75A9380019F736 /* ZWTestOneController.m in Sources */ = {isa = PBXBuildFile; fileRef = C2D1E06E1D75A9380019F736 /* ZWTestOneController.m */; };
		C2D1E0711D75A9380019F736 /* ZWTestOneController.xib in Resources */ = {isa = PBXBuildFile; fileRef = C2D1E06F1D75A9380019F736 /* ZWTestOneController.xib */; };
		C2D1E0751D75AA670019F736 /* ZWTestTwoController.m in Sources */ = {isa = PBXBuildFile; fileRef = C2D1E0731D75AA670019F736 /* ZWTestTwoController.m */; };
		C2D1E0761D75AA670019F736 /* ZWTestTwoController.xib in Resources */ = {isa = PBXBuildFile; fileRef = C2D1E0741D75AA670019F736 /* ZWTestTwoController.xib */; };
		C2D1E0791D75AE500019F736 /* UIView+Category.m in Sources */ = {isa = PBXBuildFile; fileRef = C2D1E0781D75AE500019F736 /* UIView+Category.m */; };
		C2D1E07C1D75B0E50019F736 /* UIBarButtonItem+Category.m in Sources */ = {isa = PBXBuildFile; fileRef = C2D1E07B1D75B0E50019F736 /* UIBarButtonItem+Category.m */; };
		C2D1E07F1D7681EC0019F736 /* ZWSearchBar.m in Sources */ = {isa = PBXBuildFile; fileRef = C2D1E07E1D7681EC0019F736 /* ZWSearchBar.m */; };
		C2D1E0821D7808020019F736 /* ZWDropdownMenu.m in Sources */ = {isa = PBXBuildFile; fileRef = C2D1E0811D7808020019F736 /* ZWDropdownMenu.m */; };
		C2D1E0851D78190A0019F736 /* ZWTitleController.m in Sources */ = {isa = PBXBuildFile; fileRef = C2D1E0841D78190A0019F736 /* ZWTitleController.m */; };
		C2D1E0881D7957B70019F736 /* ZWTabBar.m in Sources */ = {isa = PBXBuildFile; fileRef = C2D1E0871D7957B70019F736 /* ZWTabBar.m */; };
/* End PBXBuildFile section */

/* Begin PBXContainerItemProxy section */
		C2D1E0321D7581500019F736 /* PBXContainerItemProxy */ = {
			isa = PBXContainerItemProxy;
			containerPortal = C2D1E0101D75814F0019F736 /* Project object */;
			proxyType = 1;
			remoteGlobalIDString = C2D1E0171D75814F0019F736;
			remoteInfo = "微博Test";
		};
/* End PBXContainerItemProxy section */

/* Begin PBXFileReference section */
		C2D1E0181D75814F0019F736 /* 微博Test.app */ = {isa = PBXFileReference; explicitFileType = wrapper.application; includeInIndex = 0; path = "微博Test.app"; sourceTree = BUILT_PRODUCTS_DIR; };
		C2D1E01C1D75814F0019F736 /* main.m */ = {isa = PBXFileReference; lastKnownFileType = sourcecode.c.objc; path = main.m; sourceTree = "<group>"; };
		C2D1E01E1D75814F0019F736 /* AppDelegate.h */ = {isa = PBXFileReference; lastKnownFileType = sourcecode.c.h; path = AppDelegate.h; sourceTree = "<group>"; };
		C2D1E01F1D75814F0019F736 /* AppDelegate.m */ = {isa = PBXFileReference; lastKnownFileType = sourcecode.c.objc; path = AppDelegate.m; sourceTree = "<group>"; };
		C2D1E0271D75814F0019F736 /* Assets.xcassets */ = {isa = PBXFileReference; lastKnownFileType = folder.assetcatalog; path = Assets.xcassets; sourceTree = "<group>"; };
		C2D1E02C1D75814F0019F736 /* Info.plist */ = {isa = PBXFileReference; lastKnownFileType = text.plist.xml; path = Info.plist; sourceTree = "<group>"; };
		C2D1E0311D7581500019F736 /* 微博TestTests.xctest */ = {isa = PBXFileReference; explicitFileType = wrapper.cfbundle; includeInIndex = 0; path = "微博TestTests.xctest"; sourceTree = BUILT_PRODUCTS_DIR; };
		C2D1E0351D7581500019F736 /* __TestTests.m */ = {isa = PBXFileReference; lastKnownFileType = sourcecode.c.objc; path = __TestTests.m; sourceTree = "<group>"; };
		C2D1E0371D7581500019F736 /* Info.plist */ = {isa = PBXFileReference; lastKnownFileType = text.plist.xml; path = Info.plist; sourceTree = "<group>"; };
		C2D1E04F1D758E190019F736 /* ZWTabBarController.h */ = {isa = PBXFileReference; fileEncoding = 4; lastKnownFileType = sourcecode.c.h; path = ZWTabBarController.h; sourceTree = "<group>"; };
		C2D1E0501D758E190019F736 /* ZWTabBarController.m */ = {isa = PBXFileReference; fileEncoding = 4; lastKnownFileType = sourcecode.c.objc; path = ZWTabBarController.m; sourceTree = "<group>"; };
		C2D1E05E1D759F570019F736 /* ZWDiscoverController.h */ = {isa = PBXFileReference; fileEncoding = 4; lastKnownFileType = sourcecode.c.h; name = ZWDiscoverController.h; path = "微博Test/Classes/Discover(发现)/ZWDiscoverController.h"; sourceTree = SOURCE_ROOT; };
		C2D1E05F1D759F570019F736 /* ZWDiscoverController.m */ = {isa = PBXFileReference; fileEncoding = 4; lastKnownFileType = sourcecode.c.objc; name = ZWDiscoverController.m; path = "微博Test/Classes/Discover(发现)/ZWDiscoverController.m"; sourceTree = SOURCE_ROOT; };
		C2D1E0611D759F8C0019F736 /* ZWHomeController.h */ = {isa = PBXFileReference; fileEncoding = 4; lastKnownFileType = sourcecode.c.h; path = ZWHomeController.h; sourceTree = "<group>"; };
		C2D1E0621D759F8C0019F736 /* ZWHomeController.m */ = {isa = PBXFileReference; fileEncoding = 4; lastKnownFileType = sourcecode.c.objc; path = ZWHomeController.m; sourceTree = "<group>"; };
		C2D1E0641D759FC60019F736 /* ZWMessageController.h */ = {isa = PBXFileReference; fileEncoding = 4; lastKnownFileType = sourcecode.c.h; path = ZWMessageController.h; sourceTree = "<group>"; };
		C2D1E0651D759FC60019F736 /* ZWMessageController.m */ = {isa = PBXFileReference; fileEncoding = 4; lastKnownFileType = sourcecode.c.objc; path = ZWMessageController.m; sourceTree = "<group>"; };
		C2D1E0671D759FE10019F736 /* ZWProfileController.h */ = {isa = PBXFileReference; fileEncoding = 4; lastKnownFileType = sourcecode.c.h; path = ZWProfileController.h; sourceTree = "<group>"; };
		C2D1E0681D759FE10019F736 /* ZWProfileController.m */ = {isa = PBXFileReference; fileEncoding = 4; lastKnownFileType = sourcecode.c.objc; path = ZWProfileController.m; sourceTree = "<group>"; };
		C2D1E06A1D75A72A0019F736 /* ZWNavigationController.h */ = {isa = PBXFileReference; fileEncoding = 4; lastKnownFileType = sourcecode.c.h; path = ZWNavigationController.h; sourceTree = "<group>"; };
		C2D1E06B1D75A72A0019F736 /* ZWNavigationController.m */ = {isa = PBXFileReference; fileEncoding = 4; lastKnownFileType = sourcecode.c.objc; path = ZWNavigationController.m; sourceTree = "<group>"; };
		C2D1E06D1D75A9380019F736 /* ZWTestOneController.h */ = {isa = PBXFileReference; fileEncoding = 4; lastKnownFileType = sourcecode.c.h; path = ZWTestOneController.h; sourceTree = "<group>"; };
		C2D1E06E1D75A9380019F736 /* ZWTestOneController.m */ = {isa = PBXFileReference; fileEncoding = 4; lastKnownFileType = sourcecode.c.objc; path = ZWTestOneController.m; sourceTree = "<group>"; };
		C2D1E06F1D75A9380019F736 /* ZWTestOneController.xib */ = {isa = PBXFileReference; fileEncoding = 4; lastKnownFileType = file.xib; path = ZWTestOneController.xib; sourceTree = "<group>"; };
		C2D1E0721D75AA670019F736 /* ZWTestTwoController.h */ = {isa = PBXFileReference; fileEncoding = 4; lastKnownFileType = sourcecode.c.h; path = ZWTestTwoController.h; sourceTree = "<group>"; };
		C2D1E0731D75AA670019F736 /* ZWTestTwoController.m */ = {isa = PBXFileReference; fileEncoding = 4; lastKnownFileType = sourcecode.c.objc; path = ZWTestTwoController.m; sourceTree = "<group>"; };
		C2D1E0741D75AA670019F736 /* ZWTestTwoController.xib */ = {isa = PBXFileReference; fileEncoding = 4; lastKnownFileType = file.xib; path = ZWTestTwoController.xib; sourceTree = "<group>"; };
		C2D1E0771D75AE500019F736 /* UIView+Category.h */ = {isa = PBXFileReference; fileEncoding = 4; lastKnownFileType = sourcecode.c.h; path = "UIView+Category.h"; sourceTree = "<group>"; };
		C2D1E0781D75AE500019F736 /* UIView+Category.m */ = {isa = PBXFileReference; fileEncoding = 4; lastKnownFileType = sourcecode.c.objc; path = "UIView+Category.m"; sourceTree = "<group>"; };
		C2D1E07A1D75B0E50019F736 /* UIBarButtonItem+Category.h */ = {isa = PBXFileReference; fileEncoding = 4; lastKnownFileType = sourcecode.c.h; path = "UIBarButtonItem+Category.h"; sourceTree = "<group>"; };
		C2D1E07B1D75B0E50019F736 /* UIBarButtonItem+Category.m */ = {isa = PBXFileReference; fileEncoding = 4; lastKnownFileType = sourcecode.c.objc; path = "UIBarButtonItem+Category.m"; sourceTree = "<group>"; };
		C2D1E07D1D7681EC0019F736 /* ZWSearchBar.h */ = {isa = PBXFileReference; fileEncoding = 4; lastKnownFileType = sourcecode.c.h; path = ZWSearchBar.h; sourceTree = "<group>"; };
		C2D1E07E1D7681EC0019F736 /* ZWSearchBar.m */ = {isa = PBXFileReference; fileEncoding = 4; lastKnownFileType = sourcecode.c.objc; path = ZWSearchBar.m; sourceTree = "<group>"; };
		C2D1E0801D7808010019F736 /* ZWDropdownMenu.h */ = {isa = PBXFileReference; fileEncoding = 4; lastKnownFileType = sourcecode.c.h; path = ZWDropdownMenu.h; sourceTree = "<group>"; };
		C2D1E0811D7808020019F736 /* ZWDropdownMenu.m */ = {isa = PBXFileReference; fileEncoding = 4; lastKnownFileType = sourcecode.c.objc; path = ZWDropdownMenu.m; sourceTree = "<group>"; };
		C2D1E0831D78190A0019F736 /* ZWTitleController.h */ = {isa = PBXFileReference; fileEncoding = 4; lastKnownFileType = sourcecode.c.h; path = ZWTitleController.h; sourceTree = "<group>"; };
		C2D1E0841D78190A0019F736 /* ZWTitleController.m */ = {isa = PBXFileReference; fileEncoding = 4; lastKnownFileType = sourcecode.c.objc; path = ZWTitleController.m; sourceTree = "<group>"; };
		C2D1E0861D7957B70019F736 /* ZWTabBar.h */ = {isa = PBXFileReference; fileEncoding = 4; lastKnownFileType = sourcecode.c.h; path = ZWTabBar.h; sourceTree = "<group>"; };
		C2D1E0871D7957B70019F736 /* ZWTabBar.m */ = {isa = PBXFileReference; fileEncoding = 4; lastKnownFileType = sourcecode.c.objc; path = ZWTabBar.m; sourceTree = "<group>"; };
/* End PBXFileReference section */

/* Begin PBXFrameworksBuildPhase section */
		C2D1E0151D75814F0019F736 /* Frameworks */ = {
			isa = PBXFrameworksBuildPhase;
			buildActionMask = 2147483647;
			files = (
			);
			runOnlyForDeploymentPostprocessing = 0;
		};
		C2D1E02E1D7581500019F736 /* Frameworks */ = {
			isa = PBXFrameworksBuildPhase;
			buildActionMask = 2147483647;
			files = (
			);
			runOnlyForDeploymentPostprocessing = 0;
		};
/* End PBXFrameworksBuildPhase section */

/* Begin PBXGroup section */
		C2D1E00F1D75814F0019F736 = {
			isa = PBXGroup;
			children = (
				C2D1E01A1D75814F0019F736 /* 微博Test */,
				C2D1E0341D7581500019F736 /* 微博TestTests */,
				C2D1E0191D75814F0019F736 /* Products */,
			);
			sourceTree = "<group>";
		};
		C2D1E0191D75814F0019F736 /* Products */ = {
			isa = PBXGroup;
			children = (
				C2D1E0181D75814F0019F736 /* 微博Test.app */,
				C2D1E0311D7581500019F736 /* 微博TestTests.xctest */,
			);
			name = Products;
			sourceTree = "<group>";
		};
		C2D1E01A1D75814F0019F736 /* 微博Test */ = {
			isa = PBXGroup;
			children = (
				C2D1E0431D758E190019F736 /* Classes */,
				C2D1E01E1D75814F0019F736 /* AppDelegate.h */,
				C2D1E01F1D75814F0019F736 /* AppDelegate.m */,
				C2D1E0271D75814F0019F736 /* Assets.xcassets */,
				C2D1E02C1D75814F0019F736 /* Info.plist */,
				C2D1E01B1D75814F0019F736 /* Supporting Files */,
			);
			path = "微博Test";
			sourceTree = "<group>";
		};
		C2D1E01B1D75814F0019F736 /* Supporting Files */ = {
			isa = PBXGroup;
			children = (
				C2D1E01C1D75814F0019F736 /* main.m */,
			);
			name = "Supporting Files";
			sourceTree = "<group>";
		};
		C2D1E0341D7581500019F736 /* 微博TestTests */ = {
			isa = PBXGroup;
			children = (
				C2D1E0351D7581500019F736 /* __TestTests.m */,
				C2D1E0371D7581500019F736 /* Info.plist */,
			);
			path = "微博TestTests";
			sourceTree = "<group>";
		};
		C2D1E0431D758E190019F736 /* Classes */ = {
			isa = PBXGroup;
			children = (
				C2D1E0441D758E190019F736 /* Discover(发现) */,
				C2D1E0481D758E190019F736 /* Home(首页) */,
				C2D1E04C1D758E190019F736 /* Main(主要) */,
				C2D1E0551D758E190019F736 /* Message(消息) */,
				C2D1E0591D758E190019F736 /* Profile(我) */,
			);
			path = Classes;
			sourceTree = "<group>";
		};
		C2D1E0441D758E190019F736 /* Discover(发现) */ = {
			isa = PBXGroup;
			children = (
				C2D1E0451D758E190019F736 /* Controller */,
				C2D1E0461D758E190019F736 /* Model */,
				C2D1E0471D758E190019F736 /* View */,
			);
			path = "Discover(发现)";
			sourceTree = "<group>";
		};
		C2D1E0451D758E190019F736 /* Controller */ = {
			isa = PBXGroup;
			children = (
				C2D1E05E1D759F570019F736 /* ZWDiscoverController.h */,
				C2D1E05F1D759F570019F736 /* ZWDiscoverController.m */,
			);
			path = Controller;
			sourceTree = "<group>";
		};
		C2D1E0461D758E190019F736 /* Model */ = {
			isa = PBXGroup;
			children = (
			);
			path = Model;
			sourceTree = "<group>";
		};
		C2D1E0471D758E190019F736 /* View */ = {
			isa = PBXGroup;
			children = (
			);
			path = View;
			sourceTree = "<group>";
		};
		C2D1E0481D758E190019F736 /* Home(首页) */ = {
			isa = PBXGroup;
			children = (
				C2D1E0491D758E190019F736 /* Controller */,
				C2D1E04A1D758E190019F736 /* Model */,
				C2D1E04B1D758E190019F736 /* View */,
			);
			path = "Home(首页)";
			sourceTree = "<group>";
		};
		C2D1E0491D758E190019F736 /* Controller */ = {
			isa = PBXGroup;
			children = (
				C2D1E0611D759F8C0019F736 /* ZWHomeController.h */,
				C2D1E0621D759F8C0019F736 /* ZWHomeController.m */,
			);
			path = Controller;
			sourceTree = "<group>";
		};
		C2D1E04A1D758E190019F736 /* Model */ = {
			isa = PBXGroup;
			children = (
			);
			path = Model;
			sourceTree = "<group>";
		};
		C2D1E04B1D758E190019F736 /* View */ = {
			isa = PBXGroup;
			children = (
				C2D1E0831D78190A0019F736 /* ZWTitleController.h */,
				C2D1E0841D78190A0019F736 /* ZWTitleController.m */,
			);
			path = View;
			sourceTree = "<group>";
		};
		C2D1E04C1D758E190019F736 /* Main(主要) */ = {
			isa = PBXGroup;
			children = (
				C2D1E04D1D758E190019F736 /* Category */,
				C2D1E04E1D758E190019F736 /* Controller */,
				C2D1E0511D758E190019F736 /* Lib */,
				C2D1E0521D758E190019F736 /* Model */,
				C2D1E0531D758E190019F736 /* Other */,
				C2D1E0541D758E190019F736 /* View */,
			);
			path = "Main(主要)";
			sourceTree = "<group>";
		};
		C2D1E04D1D758E190019F736 /* Category */ = {
			isa = PBXGroup;
			children = (
				C2D1E0771D75AE500019F736 /* UIView+Category.h */,
				C2D1E0781D75AE500019F736 /* UIView+Category.m */,
				C2D1E07A1D75B0E50019F736 /* UIBarButtonItem+Category.h */,
				C2D1E07B1D75B0E50019F736 /* UIBarButtonItem+Category.m */,
			);
			path = Category;
			sourceTree = "<group>";
		};
		C2D1E04E1D758E190019F736 /* Controller */ = {
			isa = PBXGroup;
			children = (
				C2D1E04F1D758E190019F736 /* ZWTabBarController.h */,
				C2D1E0501D758E190019F736 /* ZWTabBarController.m */,
				C2D1E06A1D75A72A0019F736 /* ZWNavigationController.h */,
				C2D1E06B1D75A72A0019F736 /* ZWNavigationController.m */,
			);
			path = Controller;
			sourceTree = "<group>";
		};
		C2D1E0511D758E190019F736 /* Lib */ = {
			isa = PBXGroup;
			children = (
			);
			path = Lib;
			sourceTree = "<group>";
		};
		C2D1E0521D758E190019F736 /* Model */ = {
			isa = PBXGroup;
			children = (
			);
			path = Model;
			sourceTree = "<group>";
		};
		C2D1E0531D758E190019F736 /* Other */ = {
			isa = PBXGroup;
			children = (
				C2D1E06D1D75A9380019F736 /* ZWTestOneController.h */,
				C2D1E06E1D75A9380019F736 /* ZWTestOneController.m */,
				C2D1E06F1D75A9380019F736 /* ZWTestOneController.xib */,
				C2D1E0721D75AA670019F736 /* ZWTestTwoController.h */,
				C2D1E0731D75AA670019F736 /* ZWTestTwoController.m */,
				C2D1E0741D75AA670019F736 /* ZWTestTwoController.xib */,
			);
			path = Other;
			sourceTree = "<group>";
		};
		C2D1E0541D758E190019F736 /* View */ = {
			isa = PBXGroup;
			children = (
				C2D1E07D1D7681EC0019F736 /* ZWSearchBar.h */,
				C2D1E07E1D7681EC0019F736 /* ZWSearchBar.m */,
				C2D1E0801D7808010019F736 /* ZWDropdownMenu.h */,
				C2D1E0811D7808020019F736 /* ZWDropdownMenu.m */,
				C2D1E0861D7957B70019F736 /* ZWTabBar.h */,
				C2D1E0871D7957B70019F736 /* ZWTabBar.m */,
			);
			path = View;
			sourceTree = "<group>";
		};
		C2D1E0551D758E190019F736 /* Message(消息) */ = {
			isa = PBXGroup;
			children = (
				C2D1E0561D758E190019F736 /* Controller */,
				C2D1E0571D758E190019F736 /* Model */,
				C2D1E0581D758E190019F736 /* View */,
			);
			path = "Message(消息)";
			sourceTree = "<group>";
		};
		C2D1E0561D758E190019F736 /* Controller */ = {
			isa = PBXGroup;
			children = (
				C2D1E0641D759FC60019F736 /* ZWMessageController.h */,
				C2D1E0651D759FC60019F736 /* ZWMessageController.m */,
			);
			path = Controller;
			sourceTree = "<group>";
		};
		C2D1E0571D758E190019F736 /* Model */ = {
			isa = PBXGroup;
			children = (
			);
			path = Model;
			sourceTree = "<group>";
		};
		C2D1E0581D758E190019F736 /* View */ = {
			isa = PBXGroup;
			children = (
			);
			path = View;
			sourceTree = "<group>";
		};
		C2D1E0591D758E190019F736 /* Profile(我) */ = {
			isa = PBXGroup;
			children = (
				C2D1E05A1D758E190019F736 /* Controller */,
				C2D1E05B1D758E190019F736 /* Model */,
				C2D1E05C1D758E190019F736 /* View */,
			);
			path = "Profile(我)";
			sourceTree = "<group>";
		};
		C2D1E05A1D758E190019F736 /* Controller */ = {
			isa = PBXGroup;
			children = (
				C2D1E0671D759FE10019F736 /* ZWProfileController.h */,
				C2D1E0681D759FE10019F736 /* ZWProfileController.m */,
			);
			path = Controller;
			sourceTree = "<group>";
		};
		C2D1E05B1D758E190019F736 /* Model */ = {
			isa = PBXGroup;
			children = (
			);
			path = Model;
			sourceTree = "<group>";
		};
		C2D1E05C1D758E190019F736 /* View */ = {
			isa = PBXGroup;
			children = (
			);
			path = View;
			sourceTree = "<group>";
		};
/* End PBXGroup section */

/* Begin PBXNativeTarget section */
		C2D1E0171D75814F0019F736 /* 微博Test */ = {
			isa = PBXNativeTarget;
			buildConfigurationList = C2D1E03A1D7581500019F736 /* Build configuration list for PBXNativeTarget "微博Test" */;
			buildPhases = (
				C2D1E0141D75814F0019F736 /* Sources */,
				C2D1E0151D75814F0019F736 /* Frameworks */,
				C2D1E0161D75814F0019F736 /* Resources */,
			);
			buildRules = (
			);
			dependencies = (
			);
			name = "微博Test";
			productName = "微博Test";
			productReference = C2D1E0181D75814F0019F736 /* 微博Test.app */;
			productType = "com.apple.product-type.application";
		};
		C2D1E0301D7581500019F736 /* 微博TestTests */ = {
			isa = PBXNativeTarget;
			buildConfigurationList = C2D1E03D1D7581500019F736 /* Build configuration list for PBXNativeTarget "微博TestTests" */;
			buildPhases = (
				C2D1E02D1D7581500019F736 /* Sources */,
				C2D1E02E1D7581500019F736 /* Frameworks */,
				C2D1E02F1D7581500019F736 /* Resources */,
			);
			buildRules = (
			);
			dependencies = (
				C2D1E0331D7581500019F736 /* PBXTargetDependency */,
			);
			name = "微博TestTests";
			productName = "微博TestTests";
			productReference = C2D1E0311D7581500019F736 /* 微博TestTests.xctest */;
			productType = "com.apple.product-type.bundle.unit-test";
		};
/* End PBXNativeTarget section */

/* Begin PBXProject section */
		C2D1E0101D75814F0019F736 /* Project object */ = {
			isa = PBXProject;
			attributes = {
				LastUpgradeCheck = 0730;
				ORGANIZATIONNAME = ZW;
				TargetAttributes = {
					C2D1E0171D75814F0019F736 = {
						CreatedOnToolsVersion = 7.3.1;
						DevelopmentTeam = 3EQFRUE4U2;
					};
					C2D1E0301D7581500019F736 = {
						CreatedOnToolsVersion = 7.3.1;
						DevelopmentTeam = 3EQFRUE4U2;
						TestTargetID = C2D1E0171D75814F0019F736;
					};
				};
			};
			buildConfigurationList = C2D1E0131D75814F0019F736 /* Build configuration list for PBXProject "微博Test" */;
			compatibilityVersion = "Xcode 3.2";
			developmentRegion = English;
			hasScannedForEncodings = 0;
			knownRegions = (
				en,
				Base,
			);
			mainGroup = C2D1E00F1D75814F0019F736;
			productRefGroup = C2D1E0191D75814F0019F736 /* Products */;
			projectDirPath = "";
			projectRoot = "";
			targets = (
				C2D1E0171D75814F0019F736 /* 微博Test */,
				C2D1E0301D7581500019F736 /* 微博TestTests */,
			);
		};
/* End PBXProject section */

/* Begin PBXResourcesBuildPhase section */
		C2D1E0161D75814F0019F736 /* Resources */ = {
			isa = PBXResourcesBuildPhase;
			buildActionMask = 2147483647;
			files = (
				C2D1E0281D75814F0019F736 /* Assets.xcassets in Resources */,
				C2D1E0711D75A9380019F736 /* ZWTestOneController.xib in Resources */,
				C2D1E0761D75AA670019F736 /* ZWTestTwoController.xib in Resources */,
			);
			runOnlyForDeploymentPostprocessing = 0;
		};
		C2D1E02F1D7581500019F736 /* Resources */ = {
			isa = PBXResourcesBuildPhase;
			buildActionMask = 2147483647;
			files = (
			);
			runOnlyForDeploymentPostprocessing = 0;
		};
/* End PBXResourcesBuildPhase section */

/* Begin PBXSourcesBuildPhase section */
		C2D1E0141D75814F0019F736 /* Sources */ = {
			isa = PBXSourcesBuildPhase;
			buildActionMask = 2147483647;
			files = (
				C2D1E07F1D7681EC0019F736 /* ZWSearchBar.m in Sources */,
				C2D1E06C1D75A72A0019F736 /* ZWNavigationController.m in Sources */,
				C2D1E0881D7957B70019F736 /* ZWTabBar.m in Sources */,
				C2D1E0701D75A9380019F736 /* ZWTestOneController.m in Sources */,
				C2D1E05D1D758E190019F736 /* ZWTabBarController.m in Sources */,
				C2D1E0791D75AE500019F736 /* UIView+Category.m in Sources */,
				C2D1E0601D759F570019F736 /* ZWDiscoverController.m in Sources */,
				C2D1E0851D78190A0019F736 /* ZWTitleController.m in Sources */,
				C2D1E0201D75814F0019F736 /* AppDelegate.m in Sources */,
				C2D1E01D1D75814F0019F736 /* main.m in Sources */,
				C2D1E0691D759FE10019F736 /* ZWProfileController.m in Sources */,
				C2D1E07C1D75B0E50019F736 /* UIBarButtonItem+Category.m in Sources */,
				C2D1E0821D7808020019F736 /* ZWDropdownMenu.m in Sources */,
				C2D1E0751D75AA670019F736 /* ZWTestTwoController.m in Sources */,
				C2D1E0661D759FC60019F736 /* ZWMessageController.m in Sources */,
				C2D1E0631D759F8C0019F736 /* ZWHomeController.m in Sources */,
			);
			runOnlyForDeploymentPostprocessing = 0;
		};
		C2D1E02D1D7581500019F736 /* Sources */ = {
			isa = PBXSourcesBuildPhase;
			buildActionMask = 2147483647;
			files = (
				C2D1E0361D7581500019F736 /* __TestTests.m in Sources */,
			);
			runOnlyForDeploymentPostprocessing = 0;
		};
/* End PBXSourcesBuildPhase section */

/* Begin PBXTargetDependency section */
		C2D1E0331D7581500019F736 /* PBXTargetDependency */ = {
			isa = PBXTargetDependency;
			target = C2D1E0171D75814F0019F736 /* 微博Test */;
			targetProxy = C2D1E0321D7581500019F736 /* PBXContainerItemProxy */;
		};
/* End PBXTargetDependency section */

/* Begin XCBuildConfiguration section */
		C2D1E0381D7581500019F736 /* Debug */ = {
			isa = XCBuildConfiguration;
			buildSettings = {
				ALWAYS_SEARCH_USER_PATHS = NO;
				CLANG_ANALYZER_NONNULL = YES;
				CLANG_CXX_LANGUAGE_STANDARD = "gnu++0x";
				CLANG_CXX_LIBRARY = "libc++";
				CLANG_ENABLE_MODULES = YES;
				CLANG_ENABLE_OBJC_ARC = YES;
				CLANG_WARN_BOOL_CONVERSION = YES;
				CLANG_WARN_CONSTANT_CONVERSION = YES;
				CLANG_WARN_DIRECT_OBJC_ISA_USAGE = YES_ERROR;
				CLANG_WARN_EMPTY_BODY = YES;
				CLANG_WARN_ENUM_CONVERSION = YES;
				CLANG_WARN_INT_CONVERSION = YES;
				CLANG_WARN_OBJC_ROOT_CLASS = YES_ERROR;
				CLANG_WARN_UNREACHABLE_CODE = YES;
				CLANG_WARN__DUPLICATE_METHOD_MATCH = YES;
				"CODE_SIGN_IDENTITY[sdk=iphoneos*]" = "iPhone Developer";
				COPY_PHASE_STRIP = NO;
				DEBUG_INFORMATION_FORMAT = dwarf;
				ENABLE_STRICT_OBJC_MSGSEND = YES;
				ENABLE_TESTABILITY = YES;
				GCC_C_LANGUAGE_STANDARD = gnu99;
				GCC_DYNAMIC_NO_PIC = NO;
				GCC_NO_COMMON_BLOCKS = YES;
				GCC_OPTIMIZATION_LEVEL = 0;
				GCC_PREPROCESSOR_DEFINITIONS = (
					"DEBUG=1",
					"$(inherited)",
				);
				GCC_WARN_64_TO_32_BIT_CONVERSION = YES;
				GCC_WARN_ABOUT_RETURN_TYPE = YES_ERROR;
				GCC_WARN_UNDECLARED_SELECTOR = YES;
				GCC_WARN_UNINITIALIZED_AUTOS = YES_AGGRESSIVE;
				GCC_WARN_UNUSED_FUNCTION = YES;
				GCC_WARN_UNUSED_VARIABLE = YES;
				IPHONEOS_DEPLOYMENT_TARGET = 9.3;
				MTL_ENABLE_DEBUG_INFO = YES;
				ONLY_ACTIVE_ARCH = YES;
				SDKROOT = iphoneos;
			};
			name = Debug;
		};
		C2D1E0391D7581500019F736 /* Release */ = {
			isa = XCBuildConfiguration;
			buildSettings = {
				ALWAYS_SEARCH_USER_PATHS = NO;
				CLANG_ANALYZER_NONNULL = YES;
				CLANG_CXX_LANGUAGE_STANDARD = "gnu++0x";
				CLANG_CXX_LIBRARY = "libc++";
				CLANG_ENABLE_MODULES = YES;
				CLANG_ENABLE_OBJC_ARC = YES;
				CLANG_WARN_BOOL_CONVERSION = YES;
				CLANG_WARN_CONSTANT_CONVERSION = YES;
				CLANG_WARN_DIRECT_OBJC_ISA_USAGE = YES_ERROR;
				CLANG_WARN_EMPTY_BODY = YES;
				CLANG_WARN_ENUM_CONVERSION = YES;
				CLANG_WARN_INT_CONVERSION = YES;
				CLANG_WARN_OBJC_ROOT_CLASS = YES_ERROR;
				CLANG_WARN_UNREACHABLE_CODE = YES;
				CLANG_WARN__DUPLICATE_METHOD_MATCH = YES;
				"CODE_SIGN_IDENTITY[sdk=iphoneos*]" = "iPhone Developer";
				COPY_PHASE_STRIP = NO;
				DEBUG_INFORMATION_FORMAT = "dwarf-with-dsym";
				ENABLE_NS_ASSERTIONS = NO;
				ENABLE_STRICT_OBJC_MSGSEND = YES;
				GCC_C_LANGUAGE_STANDARD = gnu99;
				GCC_NO_COMMON_BLOCKS = YES;
				GCC_WARN_64_TO_32_BIT_CONVERSION = YES;
				GCC_WARN_ABOUT_RETURN_TYPE = YES_ERROR;
				GCC_WARN_UNDECLARED_SELECTOR = YES;
				GCC_WARN_UNINITIALIZED_AUTOS = YES_AGGRESSIVE;
				GCC_WARN_UNUSED_FUNCTION = YES;
				GCC_WARN_UNUSED_VARIABLE = YES;
				IPHONEOS_DEPLOYMENT_TARGET = 9.3;
				MTL_ENABLE_DEBUG_INFO = NO;
				SDKROOT = iphoneos;
				VALIDATE_PRODUCT = YES;
			};
			name = Release;
		};
		C2D1E03B1D7581500019F736 /* Debug */ = {
			isa = XCBuildConfiguration;
			buildSettings = {
				ASSETCATALOG_COMPILER_APPICON_NAME = AppIcon;
				ASSETCATALOG_COMPILER_LAUNCHIMAGE_NAME = LaunchImage;
				INFOPLIST_FILE = "微博Test/Info.plist";
				IPHONEOS_DEPLOYMENT_TARGET = 7.0;
				LD_RUNPATH_SEARCH_PATHS = "$(inherited) @executable_path/Frameworks";
				PRODUCT_BUNDLE_IDENTIFIER = "com.zhaiworld.--Test";
				PRODUCT_NAME = "$(TARGET_NAME)";
			};
			name = Debug;
		};
		C2D1E03C1D7581500019F736 /* Release */ = {
			isa = XCBuildConfiguration;
			buildSettings = {
				ASSETCATALOG_COMPILER_APPICON_NAME = AppIcon;
				ASSETCATALOG_COMPILER_LAUNCHIMAGE_NAME = LaunchImage;
				INFOPLIST_FILE = "微博Test/Info.plist";
				IPHONEOS_DEPLOYMENT_TARGET = 7.0;
				LD_RUNPATH_SEARCH_PATHS = "$(inherited) @executable_path/Frameworks";
				PRODUCT_BUNDLE_IDENTIFIER = "com.zhaiworld.--Test";
				PRODUCT_NAME = "$(TARGET_NAME)";
			};
			name = Release;
		};
		C2D1E03E1D7581500019F736 /* Debug */ = {
			isa = XCBuildConfiguration;
			buildSettings = {
				BUNDLE_LOADER = "$(TEST_HOST)";
				INFOPLIST_FILE = "微博TestTests/Info.plist";
				LD_RUNPATH_SEARCH_PATHS = "$(inherited) @executable_path/Frameworks @loader_path/Frameworks";
				PRODUCT_BUNDLE_IDENTIFIER = "com.zhaiworld.--TestTests";
				PRODUCT_NAME = "$(TARGET_NAME)";
				TEST_HOST = "$(BUILT_PRODUCTS_DIR)/微博Test.app/微博Test";
			};
			name = Debug;
		};
		C2D1E03F1D7581500019F736 /* Release */ = {
			isa = XCBuildConfiguration;
			buildSettings = {
				BUNDLE_LOADER = "$(TEST_HOST)";
				INFOPLIST_FILE = "微博TestTests/Info.plist";
				LD_RUNPATH_SEARCH_PATHS = "$(inherited) @executable_path/Frameworks @loader_path/Frameworks";
				PRODUCT_BUNDLE_IDENTIFIER = "com.zhaiworld.--TestTests";
				PRODUCT_NAME = "$(TARGET_NAME)";
				TEST_HOST = "$(BUILT_PRODUCTS_DIR)/微博Test.app/微博Test";
			};
			name = Release;
		};
/* End XCBuildConfiguration section */

/* Begin XCConfigurationList section */
		C2D1E0131D75814F0019F736 /* Build configuration list for PBXProject "微博Test" */ = {
			isa = XCConfigurationList;
			buildConfigurations = (
				C2D1E0381D7581500019F736 /* Debug */,
				C2D1E0391D7581500019F736 /* Release */,
			);
			defaultConfigurationIsVisible = 0;
			defaultConfigurationName = Release;
		};
		C2D1E03A1D7581500019F736 /* Build configuration list for PBXNativeTarget "微博Test" */ = {
			isa = XCConfigurationList;
			buildConfigurations = (
				C2D1E03B1D7581500019F736 /* Debug */,
				C2D1E03C1D7581500019F736 /* Release */,
			);
			defaultConfigurationIsVisible = 0;
			defaultConfigurationName = Release;
		};
		C2D1E03D1D7581500019F736 /* Build configuration list for PBXNativeTarget "微博TestTests" */ = {
			isa = XCConfigurationList;
			buildConfigurations = (
				C2D1E03E1D7581500019F736 /* Debug */,
				C2D1E03F1D7581500019F736 /* Release */,
			);
			defaultConfigurationIsVisible = 0;
			defaultConfigurationName = Release;
		};
/* End XCConfigurationList section */
	};
	rootObject = C2D1E0101D75814F0019F736 /* Project object */;
}
